github.com/bugoio/bugo-mod-search v0.0.1 h1:+1Zs2YttWaDAzVPrxzaET/AfSI9G6VOfNTN6nqBZBA4=
github.com/bugoio/bugo-mod-search v0.0.1/go.mod h1:yV+m2OdPR3f4n78R6r9GjAwbQiWCiTuDeNhyVXbHxjw=
github.com/bugoio/bugo-sass-utilities v0.0.1 h1:Bcs5P/BcqL69lANsbvfYCXEpA5gEnTMVYx+FKGb3REk=
github.com/bugoio/bugo-sass-utilities v0.0.1/go.mod h1:uXtAV/0yqw9ESv/mYtbbstrY4Vvq5Z5+ATeQn8gstTE=
github.com/bugoio/bugo-theme-origin v0.0.3 h1:DA3SBTNT6gJB8NxVagP5pRJ7hSO2M15GY1IMN2JbzYI=
github.com/bugoio/bugo-theme-origin v0.0.3/go.mod h1:iIWwcAoUzL8cbWtO0HYisplX3g75QVEvd3HTFFd0Chg=
github.com/bugoio/bugo-theme-origin v0.0.4/go.mod h1:iIWwcAoUzL8cbWtO0HYisplX3g75QVEvd3HTFFd0Chg=
github.com/bugoio/bugo-theme-origin v0.0.5/go.mod h1:iIWwcAoUzL8cbWtO0HYisplX3g75QVEvd3HTFFd0Chg=
github.com/bugoio/bugo-theme-origin v0.0.6/go.mod h1:iIWwcAoUzL8cbWtO0HYisplX3g75QVEvd3HTFFd0Chg=
