github.com/bugoio/bugo-font-awesome v0.0.0-20191006000625-50e5974af398 h1:3Iz/z5aWpnUCYeAwjmET0JW3iWpjxho9V6+qKIbbqdo=
github.com/bugoio/bugo-font-awesome v0.0.0-20191006000625-50e5974af398/go.mod h1:0N780934DHY+9OmQFLCu91ce7NRWmLG3yjrnBihqqDc=
github.com/bugoio/bugo-font-awesome v0.0.1/go.mod h1:jWjRrmRygSqSyqhae6t+xEzQeV6h43+W2PCwOUncqs4=
github.com/bugoio/bugo-mod-landing-page v0.0.0-20191005172833-c269e828f178 h1:g2KsZd12DnMIaq1AyfS9Ao3lF5zYz87Mb1+L5TBDp4Q=
github.com/bugoio/bugo-mod-landing-page v0.0.0-20191005172833-c269e828f178/go.mod h1:n8g7jMvGPz6ca7lVjZD8d7WfjueI4OqaQLcd9gD+8cE=
github.com/bugoio/bugo-mod-landing-page v0.0.1/go.mod h1:q/D+7NMJVxvqRH6liTIJ/C5l9IEHFy/qHk4dopuUVQ8=
github.com/bugoio/bugo-mod-search v0.0.3/go.mod h1:yV+m2OdPR3f4n78R6r9GjAwbQiWCiTuDeNhyVXbHxjw=
github.com/bugoio/bugo-mod-youtube v0.0.5/go.mod h1:6NLmAsw+sWVDRRRZzXrDh7Qc0udR7M8RSI521CRJIRo=
github.com/bugoio/bugo-mod-youtube v0.0.7/go.mod h1:6NLmAsw+sWVDRRRZzXrDh7Qc0udR7M8RSI521CRJIRo=
github.com/bugoio/bugo-mod-youtube v0.0.8/go.mod h1:bl00hVLqNsuPvdVIzErlJZIq8enDIZrK/d3PgdJj0RQ=
github.com/bugoio/bugo-sass-utilities v0.0.3 h1:aXByIjJzSPQbkLjLYJfxwnrAGBCFBvWjmNvJW70HoFU=
github.com/bugoio/bugo-sass-utilities v0.0.3/go.mod h1:uXtAV/0yqw9ESv/mYtbbstrY4Vvq5Z5+ATeQn8gstTE=
github.com/bugoio/bugo-sass-utilities v0.0.4/go.mod h1:uXtAV/0yqw9ESv/mYtbbstrY4Vvq5Z5+ATeQn8gstTE=
github.com/bugoio/bugo-theme-origin v0.2.14/go.mod h1:4bdIFfQvxZLx6OHSNAlPhLlOQPE3V0zg8uc2fYkZBsQ=
github.com/bugoio/bugo-theme-origin v0.2.15/go.mod h1:4bdIFfQvxZLx6OHSNAlPhLlOQPE3V0zg8uc2fYkZBsQ=
github.com/bugoio/bugo-theme-origin v0.2.16/go.mod h1:4bdIFfQvxZLx6OHSNAlPhLlOQPE3V0zg8uc2fYkZBsQ=
github.com/bugoio/bugo-utility-partials v0.0.1 h1:3hhIoaUVe0reepWlT/+JkFedJBuRtlhbOH99uKnXX3U=
github.com/bugoio/bugo-utility-partials v0.0.1/go.mod h1:OccrlAsKckY0EA92p6xaHIcUyWD23IiFOSaQ1gecX5w=
github.com/bugoio/bugo-utility-partials v0.0.2/go.mod h1:OccrlAsKckY0EA92p6xaHIcUyWD23IiFOSaQ1gecX5w=
